
Microsoft Visual Studio Solution File, Format Version 12.00
# Visual Studio 2012
Project("{FAE04EC0-301F-11D3-BF4B-00C04F79EFBC}") = "MultiTail", "MultiTail\MultiTail.csproj", "{FAD5AE0F-939A-4182-BB18-E97BAE33C4BB}"
EndProject
Global
	GlobalSection(TeamFoundationVersionControl) = preSolution
		SccNumberOfProjects = 2
		SccEnterpriseProvider = {4CA58AB2-18FA-4F8D-95D4-32DDF27D184C}
		SccTeamFoundationServer = http://sc-tfs01:8080/tfs/salecycle
		SccLocalPath0 = .
		SccProjectUniqueName1 = MultiTail\\MultiTail.csproj
		SccProjectName1 = MultiTail
		SccLocalPath1 = MultiTail
	EndGlobalSection
	GlobalSection(SolutionConfigurationPlatforms) = preSolution
		Debug|Any CPU = Debug|Any CPU
		Release|Any CPU = Release|Any CPU
	EndGlobalSection
	GlobalSection(ProjectConfigurationPlatforms) = postSolution
		{FAD5AE0F-939A-4182-BB18-E97BAE33C4BB}.Debug|Any CPU.ActiveCfg = Debug|Any CPU
		{FAD5AE0F-939A-4182-BB18-E97BAE33C4BB}.Debug|Any CPU.Build.0 = Debug|Any CPU
		{FAD5AE0F-939A-4182-BB18-E97BAE33C4BB}.Release|Any CPU.ActiveCfg = Release|Any CPU
		{FAD5AE0F-939A-4182-BB18-E97BAE33C4BB}.Release|Any CPU.Build.0 = Release|Any CPU
	EndGlobalSection
	GlobalSection(SolutionProperties) = preSolution
		HideSolutionNode = FALSE
	EndGlobalSection
EndGlobal
